// !$*UTF8*$!
{
	archiveVersion = 1;
	classes = {
	};
	objectVersion = 56;
	objects = {

/* Begin PBXBuildFile section */
		911627D329E9C19000CE3D54 /* Learning1App.swift in Sources */ = {isa = PBXBuildFile; fileRef = 911627D229E9C19000CE3D54 /* Learning1App.swift */; };
		911627D529E9C19000CE3D54 /* ContentView.swift in Sources */ = {isa = PBXBuildFile; fileRef = 911627D429E9C19000CE3D54 /* ContentView.swift */; };
		911627D729E9C19000CE3D54 /* Assets.xcassets in Resources */ = {isa = PBXBuildFile; fileRef = 911627D629E9C19000CE3D54 /* Assets.xcassets */; };
		911627DA29E9C19000CE3D54 /* Preview Assets.xcassets in Resources */ = {isa = PBXBuildFile; fileRef = 911627D929E9C19000CE3D54 /* Preview Assets.xcassets */; };
		911627E429E9C19000CE3D54 /* Learning1Tests.swift in Sources */ = {isa = PBXBuildFile; fileRef = 911627E329E9C19000CE3D54 /* Learning1Tests.swift */; };
		911627EE29E9C19000CE3D54 /* Learning1UITests.swift in Sources */ = {isa = PBXBuildFile; fileRef = 911627ED29E9C19000CE3D54 /* Learning1UITests.swift */; };
		911627F029E9C19000CE3D54 /* Learning1UITestsLaunchTests.swift in Sources */ = {isa = PBXBuildFile; fileRef = 911627EF29E9C19000CE3D54 /* Learning1UITestsLaunchTests.swift */; };
		911627FD29EAB8A700CE3D54 /* CircleImage.swift in Sources */ = {isa = PBXBuildFile; fileRef = 911627FC29EAB8A700CE3D54 /* CircleImage.swift */; };
		911627FF29EABB1600CE3D54 /* MapView.swift in Sources */ = {isa = PBXBuildFile; fileRef = 911627FE29EABB1600CE3D54 /* MapView.swift */; };
		9116280129EAEC7700CE3D54 /* landmarkData.json in Resources */ = {isa = PBXBuildFile; fileRef = 9116280029EAEC7700CE3D54 /* landmarkData.json */; };
		9116280329EAFEB500CE3D54 /* Landmark.swift in Sources */ = {isa = PBXBuildFile; fileRef = 9116280229EAFEB500CE3D54 /* Landmark.swift */; };
		9116280529EAFF8C00CE3D54 /* ModelData.swift in Sources */ = {isa = PBXBuildFile; fileRef = 9116280429EAFF8C00CE3D54 /* ModelData.swift */; };
		9116280A29EB036C00CE3D54 /* LandmarkRow.swift in Sources */ = {isa = PBXBuildFile; fileRef = 9116280929EB036C00CE3D54 /* LandmarkRow.swift */; };
		9116280C29EBFCCA00CE3D54 /* LandmarkList.swift in Sources */ = {isa = PBXBuildFile; fileRef = 9116280B29EBFCCA00CE3D54 /* LandmarkList.swift */; };
		9116280E29EBFE1200CE3D54 /* LandmarkDetail.swift in Sources */ = {isa = PBXBuildFile; fileRef = 9116280D29EBFE1200CE3D54 /* LandmarkDetail.swift */; };
		914F3C0A2A6ED2B600F763AD /* FavoriteButton.swift in Sources */ = {isa = PBXBuildFile; fileRef = 914F3C092A6ED2B600F763AD /* FavoriteButton.swift */; };
		91579BAF2A83F01900A88A21 /* HexagonParameters.swift in Sources */ = {isa = PBXBuildFile; fileRef = 91579BAE2A83F01900A88A21 /* HexagonParameters.swift */; };
		91579BB12A83F3EB00A88A21 /* BadgeBackground.swift in Sources */ = {isa = PBXBuildFile; fileRef = 91579BB02A83F3EB00A88A21 /* BadgeBackground.swift */; };
		91579BB32A84FF1800A88A21 /* BadgeSymbol.swift in Sources */ = {isa = PBXBuildFile; fileRef = 91579BB22A84FF1800A88A21 /* BadgeSymbol.swift */; };
		91579BB52A84FF9B00A88A21 /* RotatedBadgeSymbol.swift in Sources */ = {isa = PBXBuildFile; fileRef = 91579BB42A84FF9B00A88A21 /* RotatedBadgeSymbol.swift */; };
		91579BB72A84FFF600A88A21 /* Badge.swift in Sources */ = {isa = PBXBuildFile; fileRef = 91579BB62A84FFF600A88A21 /* Badge.swift */; };
/* End PBXBuildFile section */

/* Begin PBXContainerItemProxy section */
		911627E029E9C19000CE3D54 /* PBXContainerItemProxy */ = {
			isa = PBXContainerItemProxy;
			containerPortal = 911627C729E9C19000CE3D54 /* Project object */;
			proxyType = 1;
			remoteGlobalIDString = 911627CE29E9C19000CE3D54;
			remoteInfo = Learning1;
		};
		911627EA29E9C19000CE3D54 /* PBXContainerItemProxy */ = {
			isa = PBXContainerItemProxy;
			containerPortal = 911627C729E9C19000CE3D54 /* Project object */;
			proxyType = 1;
			remoteGlobalIDString = 911627CE29E9C19000CE3D54;
			remoteInfo = Learning1;
		};
/* End PBXContainerItemProxy section */

/* Begin PBXFileReference section */
		911627CF29E9C19000CE3D54 /* Learning1.app */ = {isa = PBXFileReference; explicitFileType = wrapper.application; includeInIndex = 0; path = Learning1.app; sourceTree = BUILT_PRODUCTS_DIR; };
		911627D229E9C19000CE3D54 /* Learning1App.swift */ = {isa = PBXFileReference; lastKnownFileType = sourcecode.swift; path = Learning1App.swift; sourceTree = "<group>"; };
		911627D429E9C19000CE3D54 /* ContentView.swift */ = {isa = PBXFileReference; lastKnownFileType = sourcecode.swift; path = ContentView.swift; sourceTree = "<group>"; };
		911627D629E9C19000CE3D54 /* Assets.xcassets */ = {isa = PBXFileReference; lastKnownFileType = folder.assetcatalog; path = Assets.xcassets; sourceTree = "<group>"; };
		911627D929E9C19000CE3D54 /* Preview Assets.xcassets */ = {isa = PBXFileReference; lastKnownFileType = folder.assetcatalog; path = "Preview Assets.xcassets"; sourceTree = "<group>"; };
		911627DF29E9C19000CE3D54 /* Learning1Tests.xctest */ = {isa = PBXFileReference; explicitFileType = wrapper.cfbundle; includeInIndex = 0; path = Learning1Tests.xctest; sourceTree = BUILT_PRODUCTS_DIR; };
		911627E329E9C19000CE3D54 /* Learning1Tests.swift */ = {isa = PBXFileReference; lastKnownFileType = sourcecode.swift; path = Learning1Tests.swift; sourceTree = "<group>"; };
		911627E929E9C19000CE3D54 /* Learning1UITests.xctest */ = {isa = PBXFileReference; explicitFileType = wrapper.cfbundle; includeInIndex = 0; path = Learning1UITests.xctest; sourceTree = BUILT_PRODUCTS_DIR; };
		911627ED29E9C19000CE3D54 /* Learning1UITests.swift */ = {isa = PBXFileReference; lastKnownFileType = sourcecode.swift; path = Learning1UITests.swift; sourceTree = "<group>"; };
		911627EF29E9C19000CE3D54 /* Learning1UITestsLaunchTests.swift */ = {isa = PBXFileReference; lastKnownFileType = sourcecode.swift; path = Learning1UITestsLaunchTests.swift; sourceTree = "<group>"; };
		911627FC29EAB8A700CE3D54 /* CircleImage.swift */ = {isa = PBXFileReference; lastKnownFileType = sourcecode.swift; path = CircleImage.swift; sourceTree = "<group>"; };
		911627FE29EABB1600CE3D54 /* MapView.swift */ = {isa = PBXFileReference; lastKnownFileType = sourcecode.swift; path = MapView.swift; sourceTree = "<group>"; };
		9116280029EAEC7700CE3D54 /* landmarkData.json */ = {isa = PBXFileReference; fileEncoding = 4; lastKnownFileType = text.json; path = landmarkData.json; sourceTree = "<group>"; };
		9116280229EAFEB500CE3D54 /* Landmark.swift */ = {isa = PBXFileReference; lastKnownFileType = sourcecode.swift; path = Landmark.swift; sourceTree = "<group>"; };
		9116280429EAFF8C00CE3D54 /* ModelData.swift */ = {isa = PBXFileReference; lastKnownFileType = sourcecode.swift; path = ModelData.swift; sourceTree = "<group>"; };
		9116280929EB036C00CE3D54 /* LandmarkRow.swift */ = {isa = PBXFileReference; lastKnownFileType = sourcecode.swift; path = LandmarkRow.swift; sourceTree = "<group>"; };
		9116280B29EBFCCA00CE3D54 /* LandmarkList.swift */ = {isa = PBXFileReference; lastKnownFileType = sourcecode.swift; path = LandmarkList.swift; sourceTree = "<group>"; };
		9116280D29EBFE1200CE3D54 /* LandmarkDetail.swift */ = {isa = PBXFileReference; lastKnownFileType = sourcecode.swift; path = LandmarkDetail.swift; sourceTree = "<group>"; };
		914F3C092A6ED2B600F763AD /* FavoriteButton.swift */ = {isa = PBXFileReference; lastKnownFileType = sourcecode.swift; path = FavoriteButton.swift; sourceTree = "<group>"; };
		91579BAE2A83F01900A88A21 /* HexagonParameters.swift */ = {isa = PBXFileReference; lastKnownFileType = sourcecode.swift; path = HexagonParameters.swift; sourceTree = "<group>"; };
		91579BB02A83F3EB00A88A21 /* BadgeBackground.swift */ = {isa = PBXFileReference; lastKnownFileType = sourcecode.swift; path = BadgeBackground.swift; sourceTree = "<group>"; };
		91579BB22A84FF1800A88A21 /* BadgeSymbol.swift */ = {isa = PBXFileReference; lastKnownFileType = sourcecode.swift; path = BadgeSymbol.swift; sourceTree = "<group>"; };
		91579BB42A84FF9B00A88A21 /* RotatedBadgeSymbol.swift */ = {isa = PBXFileReference; lastKnownFileType = sourcecode.swift; path = RotatedBadgeSymbol.swift; sourceTree = "<group>"; };
		91579BB62A84FFF600A88A21 /* Badge.swift */ = {isa = PBXFileReference; lastKnownFileType = sourcecode.swift; path = Badge.swift; sourceTree = "<group>"; };
/* End PBXFileReference section */

/* Begin PBXFrameworksBuildPhase section */
		911627CC29E9C19000CE3D54 /* Frameworks */ = {
			isa = PBXFrameworksBuildPhase;
			buildActionMask = 2147483647;
			files = (
			);
			runOnlyForDeploymentPostprocessing = 0;
		};
		911627DC29E9C19000CE3D54 /* Frameworks */ = {
			isa = PBXFrameworksBuildPhase;
			buildActionMask = 2147483647;
			files = (
			);
			runOnlyForDeploymentPostprocessing = 0;
		};
		911627E629E9C19000CE3D54 /* Frameworks */ = {
			isa = PBXFrameworksBuildPhase;
			buildActionMask = 2147483647;
			files = (
			);
			runOnlyForDeploymentPostprocessing = 0;
		};
/* End PBXFrameworksBuildPhase section */

/* Begin PBXGroup section */
		911627C629E9C19000CE3D54 = {
			isa = PBXGroup;
			children = (
				911627D129E9C19000CE3D54 /* Learning1 */,
				911627E229E9C19000CE3D54 /* Learning1Tests */,
				911627EC29E9C19000CE3D54 /* Learning1UITests */,
				911627D029E9C19000CE3D54 /* Products */,
			);
			sourceTree = "<group>";
		};
		911627D029E9C19000CE3D54 /* Products */ = {
			isa = PBXGroup;
			children = (
				911627CF29E9C19000CE3D54 /* Learning1.app */,
				911627DF29E9C19000CE3D54 /* Learning1Tests.xctest */,
				911627E929E9C19000CE3D54 /* Learning1UITests.xctest */,
			);
			name = Products;
			sourceTree = "<group>";
		};
		911627D129E9C19000CE3D54 /* Learning1 */ = {
			isa = PBXGroup;
			children = (
				9116280629EB00DD00CE3D54 /* Views */,
				9116280729EB00F500CE3D54 /* Model */,
				9116280829EB00FC00CE3D54 /* Resources */,
				911627D229E9C19000CE3D54 /* Learning1App.swift */,
				911627D629E9C19000CE3D54 /* Assets.xcassets */,
				911627D829E9C19000CE3D54 /* Preview Content */,
			);
			path = Learning1;
			sourceTree = "<group>";
		};
		911627D829E9C19000CE3D54 /* Preview Content */ = {
			isa = PBXGroup;
			children = (
				911627D929E9C19000CE3D54 /* Preview Assets.xcassets */,
			);
			path = "Preview Content";
			sourceTree = "<group>";
		};
		911627E229E9C19000CE3D54 /* Learning1Tests */ = {
			isa = PBXGroup;
			children = (
				911627E329E9C19000CE3D54 /* Learning1Tests.swift */,
			);
			path = Learning1Tests;
			sourceTree = "<group>";
		};
		911627EC29E9C19000CE3D54 /* Learning1UITests */ = {
			isa = PBXGroup;
			children = (
				911627ED29E9C19000CE3D54 /* Learning1UITests.swift */,
				911627EF29E9C19000CE3D54 /* Learning1UITestsLaunchTests.swift */,
			);
			path = Learning1UITests;
			sourceTree = "<group>";
		};
		9116280629EB00DD00CE3D54 /* Views */ = {
			isa = PBXGroup;
			children = (
				91579BB82A850E2300A88A21 /* Badges */,
				911627FC29EAB8A700CE3D54 /* CircleImage.swift */,
				911627FE29EABB1600CE3D54 /* MapView.swift */,
				911627D429E9C19000CE3D54 /* ContentView.swift */,
				9116280929EB036C00CE3D54 /* LandmarkRow.swift */,
				9116280B29EBFCCA00CE3D54 /* LandmarkList.swift */,
				9116280D29EBFE1200CE3D54 /* LandmarkDetail.swift */,
				914F3C092A6ED2B600F763AD /* FavoriteButton.swift */,
			);
			path = Views;
			sourceTree = "<group>";
		};
		9116280729EB00F500CE3D54 /* Model */ = {
			isa = PBXGroup;
			children = (
				9116280229EAFEB500CE3D54 /* Landmark.swift */,
				9116280429EAFF8C00CE3D54 /* ModelData.swift */,
			);
			path = Model;
			sourceTree = "<group>";
		};
		9116280829EB00FC00CE3D54 /* Resources */ = {
			isa = PBXGroup;
			children = (
				9116280029EAEC7700CE3D54 /* landmarkData.json */,
			);
			path = Resources;
			sourceTree = "<group>";
		};
		91579BB82A850E2300A88A21 /* Badges */ = {
			isa = PBXGroup;
			children = (
				91579BAE2A83F01900A88A21 /* HexagonParameters.swift */,
				91579BB02A83F3EB00A88A21 /* BadgeBackground.swift */,
				91579BB22A84FF1800A88A21 /* BadgeSymbol.swift */,
				91579BB42A84FF9B00A88A21 /* RotatedBadgeSymbol.swift */,
				91579BB62A84FFF600A88A21 /* Badge.swift */,
			);
			path = Badges;
			sourceTree = "<group>";
		};
/* End PBXGroup section */

/* Begin PBXNativeTarget section */
		911627CE29E9C19000CE3D54 /* Learning1 */ = {
			isa = PBXNativeTarget;
			buildConfigurationList = 911627F329E9C19000CE3D54 /* Build configuration list for PBXNativeTarget "Learning1" */;
			buildPhases = (
				911627CB29E9C19000CE3D54 /* Sources */,
				911627CC29E9C19000CE3D54 /* Frameworks */,
				911627CD29E9C19000CE3D54 /* Resources */,
			);
			buildRules = (
			);
			dependencies = (
			);
			name = Learning1;
			productName = Learning1;
			productReference = 911627CF29E9C19000CE3D54 /* Learning1.app */;
			productType = "com.apple.product-type.application";
		};
		911627DE29E9C19000CE3D54 /* Learning1Tests */ = {
			isa = PBXNativeTarget;
			buildConfigurationList = 911627F629E9C19000CE3D54 /* Build configuration list for PBXNativeTarget "Learning1Tests" */;
			buildPhases = (
				911627DB29E9C19000CE3D54 /* Sources */,
				911627DC29E9C19000CE3D54 /* Frameworks */,
				911627DD29E9C19000CE3D54 /* Resources */,
			);
			buildRules = (
			);
			dependencies = (
				911627E129E9C19000CE3D54 /* PBXTargetDependency */,
			);
			name = Learning1Tests;
			productName = Learning1Tests;
			productReference = 911627DF29E9C19000CE3D54 /* Learning1Tests.xctest */;
			productType = "com.apple.product-type.bundle.unit-test";
		};
		911627E829E9C19000CE3D54 /* Learning1UITests */ = {
			isa = PBXNativeTarget;
			buildConfigurationList = 911627F929E9C19000CE3D54 /* Build configuration list for PBXNativeTarget "Learning1UITests" */;
			buildPhases = (
				911627E529E9C19000CE3D54 /* Sources */,
				911627E629E9C19000CE3D54 /* Frameworks */,
				911627E729E9C19000CE3D54 /* Resources */,
			);
			buildRules = (
			);
			dependencies = (
				911627EB29E9C19000CE3D54 /* PBXTargetDependency */,
			);
			name = Learning1UITests;
			productName = Learning1UITests;
			productReference = 911627E929E9C19000CE3D54 /* Learning1UITests.xctest */;
			productType = "com.apple.product-type.bundle.ui-testing";
		};
/* End PBXNativeTarget section */

/* Begin PBXProject section */
		911627C729E9C19000CE3D54 /* Project object */ = {
			isa = PBXProject;
			attributes = {
				BuildIndependentTargetsInParallel = 1;
				LastSwiftUpdateCheck = 1420;
				LastUpgradeCheck = 1420;
				TargetAttributes = {
					911627CE29E9C19000CE3D54 = {
						CreatedOnToolsVersion = 14.2;
					};
					911627DE29E9C19000CE3D54 = {
						CreatedOnToolsVersion = 14.2;
						TestTargetID = 911627CE29E9C19000CE3D54;
					};
					911627E829E9C19000CE3D54 = {
						CreatedOnToolsVersion = 14.2;
						TestTargetID = 911627CE29E9C19000CE3D54;
					};
				};
			};
			buildConfigurationList = 911627CA29E9C19000CE3D54 /* Build configuration list for PBXProject "Learning1" */;
			compatibilityVersion = "Xcode 14.0";
			developmentRegion = en;
			hasScannedForEncodings = 0;
			knownRegions = (
				en,
				Base,
			);
			mainGroup = 911627C629E9C19000CE3D54;
			productRefGroup = 911627D029E9C19000CE3D54 /* Products */;
			projectDirPath = "";
			projectRoot = "";
			targets = (
				911627CE29E9C19000CE3D54 /* Learning1 */,
				911627DE29E9C19000CE3D54 /* Learning1Tests */,
				911627E829E9C19000CE3D54 /* Learning1UITests */,
			);
		};
/* End PBXProject section */

/* Begin PBXResourcesBuildPhase section */
		911627CD29E9C19000CE3D54 /* Resources */ = {
			isa = PBXResourcesBuildPhase;
			buildActionMask = 2147483647;
			files = (
				911627DA29E9C19000CE3D54 /* Preview Assets.xcassets in Resources */,
				911627D729E9C19000CE3D54 /* Assets.xcassets in Resources */,
				9116280129EAEC7700CE3D54 /* landmarkData.json in Resources */,
			);
			runOnlyForDeploymentPostprocessing = 0;
		};
		911627DD29E9C19000CE3D54 /* Resources */ = {
			isa = PBXResourcesBuildPhase;
			buildActionMask = 2147483647;
			files = (
			);
			runOnlyForDeploymentPostprocessing = 0;
		};
		911627E729E9C19000CE3D54 /* Resources */ = {
			isa = PBXResourcesBuildPhase;
			buildActionMask = 2147483647;
			files = (
			);
			runOnlyForDeploymentPostprocessing = 0;
		};
/* End PBXResourcesBuildPhase section */

/* Begin PBXSourcesBuildPhase section */
		911627CB29E9C19000CE3D54 /* Sources */ = {
			isa = PBXSourcesBuildPhase;
			buildActionMask = 2147483647;
			files = (
				911627D529E9C19000CE3D54 /* ContentView.swift in Sources */,
				91579BB72A84FFF600A88A21 /* Badge.swift in Sources */,
				911627FF29EABB1600CE3D54 /* MapView.swift in Sources */,
				911627D329E9C19000CE3D54 /* Learning1App.swift in Sources */,
				914F3C0A2A6ED2B600F763AD /* FavoriteButton.swift in Sources */,
				91579BAF2A83F01900A88A21 /* HexagonParameters.swift in Sources */,
				91579BB52A84FF9B00A88A21 /* RotatedBadgeSymbol.swift in Sources */,
				91579BB32A84FF1800A88A21 /* BadgeSymbol.swift in Sources */,
				9116280C29EBFCCA00CE3D54 /* LandmarkList.swift in Sources */,
				9116280E29EBFE1200CE3D54 /* LandmarkDetail.swift in Sources */,
				91579BB12A83F3EB00A88A21 /* BadgeBackground.swift in Sources */,
				911627FD29EAB8A700CE3D54 /* CircleImage.swift in Sources */,
				9116280329EAFEB500CE3D54 /* Landmark.swift in Sources */,
				9116280A29EB036C00CE3D54 /* LandmarkRow.swift in Sources */,
				9116280529EAFF8C00CE3D54 /* ModelData.swift in Sources */,
			);
			runOnlyForDeploymentPostprocessing = 0;
		};
		911627DB29E9C19000CE3D54 /* Sources */ = {
			isa = PBXSourcesBuildPhase;
			buildActionMask = 2147483647;
			files = (
				911627E429E9C19000CE3D54 /* Learning1Tests.swift in Sources */,
			);
			runOnlyForDeploymentPostprocessing = 0;
		};
		911627E529E9C19000CE3D54 /* Sources */ = {
			isa = PBXSourcesBuildPhase;
			buildActionMask = 2147483647;
			files = (
				911627F029E9C19000CE3D54 /* Learning1UITestsLaunchTests.swift in Sources */,
				911627EE29E9C19000CE3D54 /* Learning1UITests.swift in Sources */,
			);
			runOnlyForDeploymentPostprocessing = 0;
		};
/* End PBXSourcesBuildPhase section */

/* Begin PBXTargetDependency section */
		911627E129E9C19000CE3D54 /* PBXTargetDependency */ = {
			isa = PBXTargetDependency;
			target = 911627CE29E9C19000CE3D54 /* Learning1 */;
			targetProxy = 911627E029E9C19000CE3D54 /* PBXContainerItemProxy */;
		};
		911627EB29E9C19000CE3D54 /* PBXTargetDependency */ = {
			isa = PBXTargetDependency;
			target = 911627CE29E9C19000CE3D54 /* Learning1 */;
			targetProxy = 911627EA29E9C19000CE3D54 /* PBXContainerItemProxy */;
		};
/* End PBXTargetDependency section */

/* Begin XCBuildConfiguration section */
		911627F129E9C19000CE3D54 /* Debug */ = {
			isa = XCBuildConfiguration;
			buildSettings = {
				ALWAYS_SEARCH_USER_PATHS = NO;
				CLANG_ANALYZER_NONNULL = YES;
				CLANG_ANALYZER_NUMBER_OBJECT_CONVERSION = YES_AGGRESSIVE;
				CLANG_CXX_LANGUAGE_STANDARD = "gnu++20";
				CLANG_ENABLE_MODULES = YES;
				CLANG_ENABLE_OBJC_ARC = YES;
				CLANG_ENABLE_OBJC_WEAK = YES;
				CLANG_WARN_BLOCK_CAPTURE_AUTORELEASING = YES;
				CLANG_WARN_BOOL_CONVERSION = YES;
				CLANG_WARN_COMMA = YES;
				CLANG_WARN_CONSTANT_CONVERSION = YES;
				CLANG_WARN_DEPRECATED_OBJC_IMPLEMENTATIONS = YES;
				CLANG_WARN_DIRECT_OBJC_ISA_USAGE = YES_ERROR;
				CLANG_WARN_DOCUMENTATION_COMMENTS = YES;
				CLANG_WARN_EMPTY_BODY = YES;
				CLANG_WARN_ENUM_CONVERSION = YES;
				CLANG_WARN_INFINITE_RECURSION = YES;
				CLANG_WARN_INT_CONVERSION = YES;
				CLANG_WARN_NON_LITERAL_NULL_CONVERSION = YES;
				CLANG_WARN_OBJC_IMPLICIT_RETAIN_SELF = YES;
				CLANG_WARN_OBJC_LITERAL_CONVERSION = YES;
				CLANG_WARN_OBJC_ROOT_CLASS = YES_ERROR;
				CLANG_WARN_QUOTED_INCLUDE_IN_FRAMEWORK_HEADER = YES;
				CLANG_WARN_RANGE_LOOP_ANALYSIS = YES;
				CLANG_WARN_STRICT_PROTOTYPES = YES;
				CLANG_WARN_SUSPICIOUS_MOVE = YES;
				CLANG_WARN_UNGUARDED_AVAILABILITY = YES_AGGRESSIVE;
				CLANG_WARN_UNREACHABLE_CODE = YES;
				CLANG_WARN__DUPLICATE_METHOD_MATCH = YES;
				COPY_PHASE_STRIP = NO;
				DEBUG_INFORMATION_FORMAT = dwarf;
				ENABLE_STRICT_OBJC_MSGSEND = YES;
				ENABLE_TESTABILITY = YES;
				GCC_C_LANGUAGE_STANDARD = gnu11;
				GCC_DYNAMIC_NO_PIC = NO;
				GCC_NO_COMMON_BLOCKS = YES;
				GCC_OPTIMIZATION_LEVEL = 0;
				GCC_PREPROCESSOR_DEFINITIONS = (
					"DEBUG=1",
					"$(inherited)",
				);
				GCC_WARN_64_TO_32_BIT_CONVERSION = YES;
				GCC_WARN_ABOUT_RETURN_TYPE = YES_ERROR;
				GCC_WARN_UNDECLARED_SELECTOR = YES;
				GCC_WARN_UNINITIALIZED_AUTOS = YES_AGGRESSIVE;
				GCC_WARN_UNUSED_FUNCTION = YES;
				GCC_WARN_UNUSED_VARIABLE = YES;
				IPHONEOS_DEPLOYMENT_TARGET = 16.2;
				MTL_ENABLE_DEBUG_INFO = INCLUDE_SOURCE;
				MTL_FAST_MATH = YES;
				ONLY_ACTIVE_ARCH = YES;
				SDKROOT = iphoneos;
				SWIFT_ACTIVE_COMPILATION_CONDITIONS = DEBUG;
				SWIFT_OPTIMIZATION_LEVEL = "-Onone";
			};
			name = Debug;
		};
		911627F229E9C19000CE3D54 /* Release */ = {
			isa = XCBuildConfiguration;
			buildSettings = {
				ALWAYS_SEARCH_USER_PATHS = NO;
				CLANG_ANALYZER_NONNULL = YES;
				CLANG_ANALYZER_NUMBER_OBJECT_CONVERSION = YES_AGGRESSIVE;
				CLANG_CXX_LANGUAGE_STANDARD = "gnu++20";
				CLANG_ENABLE_MODULES = YES;
				CLANG_ENABLE_OBJC_ARC = YES;
				CLANG_ENABLE_OBJC_WEAK = YES;
				CLANG_WARN_BLOCK_CAPTURE_AUTORELEASING = YES;
				CLANG_WARN_BOOL_CONVERSION = YES;
				CLANG_WARN_COMMA = YES;
				CLANG_WARN_CONSTANT_CONVERSION = YES;
				CLANG_WARN_DEPRECATED_OBJC_IMPLEMENTATIONS = YES;
				CLANG_WARN_DIRECT_OBJC_ISA_USAGE = YES_ERROR;
				CLANG_WARN_DOCUMENTATION_COMMENTS = YES;
				CLANG_WARN_EMPTY_BODY = YES;
				CLANG_WARN_ENUM_CONVERSION = YES;
				CLANG_WARN_INFINITE_RECURSION = YES;
				CLANG_WARN_INT_CONVERSION = YES;
				CLANG_WARN_NON_LITERAL_NULL_CONVERSION = YES;
				CLANG_WARN_OBJC_IMPLICIT_RETAIN_SELF = YES;
				CLANG_WARN_OBJC_LITERAL_CONVERSION = YES;
				CLANG_WARN_OBJC_ROOT_CLASS = YES_ERROR;
				CLANG_WARN_QUOTED_INCLUDE_IN_FRAMEWORK_HEADER = YES;
				CLANG_WARN_RANGE_LOOP_ANALYSIS = YES;
				CLANG_WARN_STRICT_PROTOTYPES = YES;
				CLANG_WARN_SUSPICIOUS_MOVE = YES;
				CLANG_WARN_UNGUARDED_AVAILABILITY = YES_AGGRESSIVE;
				CLANG_WARN_UNREACHABLE_CODE = YES;
				CLANG_WARN__DUPLICATE_METHOD_MATCH = YES;
				COPY_PHASE_STRIP = NO;
				DEBUG_INFORMATION_FORMAT = "dwarf-with-dsym";
				ENABLE_NS_ASSERTIONS = NO;
				ENABLE_STRICT_OBJC_MSGSEND = YES;
				GCC_C_LANGUAGE_STANDARD = gnu11;
				GCC_NO_COMMON_BLOCKS = YES;
				GCC_WARN_64_TO_32_BIT_CONVERSION = YES;
				GCC_WARN_ABOUT_RETURN_TYPE = YES_ERROR;
				GCC_WARN_UNDECLARED_SELECTOR = YES;
				GCC_WARN_UNINITIALIZED_AUTOS = YES_AGGRESSIVE;
				GCC_WARN_UNUSED_FUNCTION = YES;
				GCC_WARN_UNUSED_VARIABLE = YES;
				IPHONEOS_DEPLOYMENT_TARGET = 16.2;
				MTL_ENABLE_DEBUG_INFO = NO;
				MTL_FAST_MATH = YES;
				SDKROOT = iphoneos;
				SWIFT_COMPILATION_MODE = wholemodule;
				SWIFT_OPTIMIZATION_LEVEL = "-O";
				VALIDATE_PRODUCT = YES;
			};
			name = Release;
		};
		911627F429E9C19000CE3D54 /* Debug */ = {
			isa = XCBuildConfiguration;
			buildSettings = {
				ASSETCATALOG_COMPILER_APPICON_NAME = AppIcon;
				ASSETCATALOG_COMPILER_GLOBAL_ACCENT_COLOR_NAME = AccentColor;
				CODE_SIGN_STYLE = Automatic;
				CURRENT_PROJECT_VERSION = 1;
				DEVELOPMENT_ASSET_PATHS = "\"Learning1/Preview Content\"";
				DEVELOPMENT_TEAM = SH63W6PH4B;
				ENABLE_PREVIEWS = YES;
				GENERATE_INFOPLIST_FILE = YES;
				INFOPLIST_KEY_UIApplicationSceneManifest_Generation = YES;
				INFOPLIST_KEY_UIApplicationSupportsIndirectInputEvents = YES;
				INFOPLIST_KEY_UILaunchScreen_Generation = YES;
				INFOPLIST_KEY_UISupportedInterfaceOrientations_iPad = "UIInterfaceOrientationPortrait UIInterfaceOrientationPortraitUpsideDown UIInterfaceOrientationLandscapeLeft UIInterfaceOrientationLandscapeRight";
				INFOPLIST_KEY_UISupportedInterfaceOrientations_iPhone = "UIInterfaceOrientationPortrait UIInterfaceOrientationLandscapeLeft UIInterfaceOrientationLandscapeRight";
				LD_RUNPATH_SEARCH_PATHS = (
					"$(inherited)",
					"@executable_path/Frameworks",
				);
				MARKETING_VERSION = 1.0;
				PRODUCT_BUNDLE_IDENTIFIER = com.pinpin.Learning1;
				PRODUCT_NAME = "$(TARGET_NAME)";
				SWIFT_EMIT_LOC_STRINGS = YES;
				SWIFT_VERSION = 5.0;
				TARGETED_DEVICE_FAMILY = "1,2";
			};
			name = Debug;
		};
		911627F529E9C19000CE3D54 /* Release */ = {
			isa = XCBuildConfiguration;
			buildSettings = {
				ASSETCATALOG_COMPILER_APPICON_NAME = AppIcon;
				ASSETCATALOG_COMPILER_GLOBAL_ACCENT_COLOR_NAME = AccentColor;
				CODE_SIGN_STYLE = Automatic;
				CURRENT_PROJECT_VERSION = 1;
				DEVELOPMENT_ASSET_PATHS = "\"Learning1/Preview Content\"";
				DEVELOPMENT_TEAM = SH63W6PH4B;
				ENABLE_PREVIEWS = YES;
				GENERATE_INFOPLIST_FILE = YES;
				INFOPLIST_KEY_UIApplicationSceneManifest_Generation = YES;
				INFOPLIST_KEY_UIApplicationSupportsIndirectInputEvents = YES;
				INFOPLIST_KEY_UILaunchScreen_Generation = YES;
				INFOPLIST_KEY_UISupportedInterfaceOrientations_iPad = "UIInterfaceOrientationPortrait UIInterfaceOrientationPortraitUpsideDown UIInterfaceOrientationLandscapeLeft UIInterfaceOrientationLandscapeRight";
				INFOPLIST_KEY_UISupportedInterfaceOrientations_iPhone = "UIInterfaceOrientationPortrait UIInterfaceOrientationLandscapeLeft UIInterfaceOrientationLandscapeRight";
				LD_RUNPATH_SEARCH_PATHS = (
					"$(inherited)",
					"@executable_path/Frameworks",
				);
				MARKETING_VERSION = 1.0;
				PRODUCT_BUNDLE_IDENTIFIER = com.pinpin.Learning1;
				PRODUCT_NAME = "$(TARGET_NAME)";
				SWIFT_EMIT_LOC_STRINGS = YES;
				SWIFT_VERSION = 5.0;
				TARGETED_DEVICE_FAMILY = "1,2";
			};
			name = Release;
		};
		911627F729E9C19000CE3D54 /* Debug */ = {
			isa = XCBuildConfiguration;
			buildSettings = {
				ALWAYS_EMBED_SWIFT_STANDARD_LIBRARIES = YES;
				BUNDLE_LOADER = "$(TEST_HOST)";
				CODE_SIGN_STYLE = Automatic;
				CURRENT_PROJECT_VERSION = 1;
				DEVELOPMENT_TEAM = SH63W6PH4B;
				GENERATE_INFOPLIST_FILE = YES;
				IPHONEOS_DEPLOYMENT_TARGET = 16.2;
				MARKETING_VERSION = 1.0;
				PRODUCT_BUNDLE_IDENTIFIER = com.pinpin.Learning1Tests;
				PRODUCT_NAME = "$(TARGET_NAME)";
				SWIFT_EMIT_LOC_STRINGS = NO;
				SWIFT_VERSION = 5.0;
				TARGETED_DEVICE_FAMILY = "1,2";
				TEST_HOST = "$(BUILT_PRODUCTS_DIR)/Learning1.app/$(BUNDLE_EXECUTABLE_FOLDER_PATH)/Learning1";
			};
			name = Debug;
		};
		911627F829E9C19000CE3D54 /* Release */ = {
			isa = XCBuildConfiguration;
			buildSettings = {
				ALWAYS_EMBED_SWIFT_STANDARD_LIBRARIES = YES;
				BUNDLE_LOADER = "$(TEST_HOST)";
				CODE_SIGN_STYLE = Automatic;
				CURRENT_PROJECT_VERSION = 1;
				DEVELOPMENT_TEAM = SH63W6PH4B;
				GENERATE_INFOPLIST_FILE = YES;
				IPHONEOS_DEPLOYMENT_TARGET = 16.2;
				MARKETING_VERSION = 1.0;
				PRODUCT_BUNDLE_IDENTIFIER = com.pinpin.Learning1Tests;
				PRODUCT_NAME = "$(TARGET_NAME)";
				SWIFT_EMIT_LOC_STRINGS = NO;
				SWIFT_VERSION = 5.0;
				TARGETED_DEVICE_FAMILY = "1,2";
				TEST_HOST = "$(BUILT_PRODUCTS_DIR)/Learning1.app/$(BUNDLE_EXECUTABLE_FOLDER_PATH)/Learning1";
			};
			name = Release;
		};
		911627FA29E9C19000CE3D54 /* Debug */ = {
			isa = XCBuildConfiguration;
			buildSettings = {
				ALWAYS_EMBED_SWIFT_STANDARD_LIBRARIES = YES;
				CODE_SIGN_STYLE = Automatic;
				CURRENT_PROJECT_VERSION = 1;
				DEVELOPMENT_TEAM = SH63W6PH4B;
				GENERATE_INFOPLIST_FILE = YES;
				MARKETING_VERSION = 1.0;
				PRODUCT_BUNDLE_IDENTIFIER = com.pinpin.Learning1UITests;
				PRODUCT_NAME = "$(TARGET_NAME)";
				SWIFT_EMIT_LOC_STRINGS = NO;
				SWIFT_VERSION = 5.0;
				TARGETED_DEVICE_FAMILY = "1,2";
				TEST_TARGET_NAME = Learning1;
			};
			name = Debug;
		};
		911627FB29E9C19000CE3D54 /* Release */ = {
			isa = XCBuildConfiguration;
			buildSettings = {
				ALWAYS_EMBED_SWIFT_STANDARD_LIBRARIES = YES;
				CODE_SIGN_STYLE = Automatic;
				CURRENT_PROJECT_VERSION = 1;
				DEVELOPMENT_TEAM = SH63W6PH4B;
				GENERATE_INFOPLIST_FILE = YES;
				MARKETING_VERSION = 1.0;
				PRODUCT_BUNDLE_IDENTIFIER = com.pinpin.Learning1UITests;
				PRODUCT_NAME = "$(TARGET_NAME)";
				SWIFT_EMIT_LOC_STRINGS = NO;
				SWIFT_VERSION = 5.0;
				TARGETED_DEVICE_FAMILY = "1,2";
				TEST_TARGET_NAME = Learning1;
			};
			name = Release;
		};
/* End XCBuildConfiguration section */

/* Begin XCConfigurationList section */
		911627CA29E9C19000CE3D54 /* Build configuration list for PBXProject "Learning1" */ = {
			isa = XCConfigurationList;
			buildConfigurations = (
				911627F129E9C19000CE3D54 /* Debug */,
				911627F229E9C19000CE3D54 /* Release */,
			);
			defaultConfigurationIsVisible = 0;
			defaultConfigurationName = Release;
		};
		911627F329E9C19000CE3D54 /* Build configuration list for PBXNativeTarget "Learning1" */ = {
			isa = XCConfigurationList;
			buildConfigurations = (
				911627F429E9C19000CE3D54 /* Debug */,
				911627F529E9C19000CE3D54 /* Release */,
			);
			defaultConfigurationIsVisible = 0;
			defaultConfigurationName = Release;
		};
		911627F629E9C19000CE3D54 /* Build configuration list for PBXNativeTarget "Learning1Tests" */ = {
			isa = XCConfigurationList;
			buildConfigurations = (
				911627F729E9C19000CE3D54 /* Debug */,
				911627F829E9C19000CE3D54 /* Release */,
			);
			defaultConfigurationIsVisible = 0;
			defaultConfigurationName = Release;
		};
		911627F929E9C19000CE3D54 /* Build configuration list for PBXNativeTarget "Learning1UITests" */ = {
			isa = XCConfigurationList;
			buildConfigurations = (
				911627FA29E9C19000CE3D54 /* Debug */,
				911627FB29E9C19000CE3D54 /* Release */,
			);
			defaultConfigurationIsVisible = 0;
			defaultConfigurationName = Release;
		};
/* End XCConfigurationList section */
	};
	rootObject = 911627C729E9C19000CE3D54 /* Project object */;
}
